
Microsoft Visual Studio Solution File, Format Version 12.00
# Visual Studio Version 17
VisualStudioVersion = 17.7.34031.279
MinimumVisualStudioVersion = 10.0.40219.1
Project("{FAE04EC0-301F-11D3-BF4B-00C04F79EFBC}") = "Assignments", "Assignments\Assignments.csproj", "{B8049CB9-AA6F-42C9-90E4-4BA81F3C6FD7}"
EndProject
Project("{FAE04EC0-301F-11D3-BF4B-00C04F79EFBC}") = "Repositories", "Repositories\Repositories.csproj", "{5565157B-9F24-42FD-99BB-62374340BD12}"
EndProject
Project("{FAE04EC0-301F-11D3-BF4B-00C04F79EFBC}") = "DBAssignmentsContext", "DBAssignmentContext\DBAssignmentsContext.csproj", "{97D6C917-D11A-431A-9C05-EF7935811903}"
EndProject
Project("{FAE04EC0-301F-11D3-BF4B-00C04F79EFBC}") = "Services", "Services\Services.csproj", "{374103AD-7071-4054-BACA-6CEBEC450E1B}"
EndProject
Project("{FAE04EC0-301F-11D3-BF4B-00C04F79EFBC}") = "Common", "Common\Common.csproj", "{033F920D-B2D3-4721-94A8-D7CCF6636833}"
EndProject
Global
	GlobalSection(SolutionConfigurationPlatforms) = preSolution
		Debug|Any CPU = Debug|Any CPU
		Release|Any CPU = Release|Any CPU
	EndGlobalSection
	GlobalSection(ProjectConfigurationPlatforms) = postSolution
		{B8049CB9-AA6F-42C9-90E4-4BA81F3C6FD7}.Debug|Any CPU.ActiveCfg = Debug|Any CPU
		{B8049CB9-AA6F-42C9-90E4-4BA81F3C6FD7}.Debug|Any CPU.Build.0 = Debug|Any CPU
		{B8049CB9-AA6F-42C9-90E4-4BA81F3C6FD7}.Release|Any CPU.ActiveCfg = Release|Any CPU
		{B8049CB9-AA6F-42C9-90E4-4BA81F3C6FD7}.Release|Any CPU.Build.0 = Release|Any CPU
		{5565157B-9F24-42FD-99BB-62374340BD12}.Debug|Any CPU.ActiveCfg = Debug|Any CPU
		{5565157B-9F24-42FD-99BB-62374340BD12}.Debug|Any CPU.Build.0 = Debug|Any CPU
		{5565157B-9F24-42FD-99BB-62374340BD12}.Release|Any CPU.ActiveCfg = Release|Any CPU
		{5565157B-9F24-42FD-99BB-62374340BD12}.Release|Any CPU.Build.0 = Release|Any CPU
		{97D6C917-D11A-431A-9C05-EF7935811903}.Debug|Any CPU.ActiveCfg = Debug|Any CPU
		{97D6C917-D11A-431A-9C05-EF7935811903}.Debug|Any CPU.Build.0 = Debug|Any CPU
		{97D6C917-D11A-431A-9C05-EF7935811903}.Release|Any CPU.ActiveCfg = Release|Any CPU
		{97D6C917-D11A-431A-9C05-EF7935811903}.Release|Any CPU.Build.0 = Release|Any CPU
		{374103AD-7071-4054-BACA-6CEBEC450E1B}.Debug|Any CPU.ActiveCfg = Debug|Any CPU
		{374103AD-7071-4054-BACA-6CEBEC450E1B}.Debug|Any CPU.Build.0 = Debug|Any CPU
		{374103AD-7071-4054-BACA-6CEBEC450E1B}.Release|Any CPU.ActiveCfg = Release|Any CPU
		{374103AD-7071-4054-BACA-6CEBEC450E1B}.Release|Any CPU.Build.0 = Release|Any CPU
		{033F920D-B2D3-4721-94A8-D7CCF6636833}.Debug|Any CPU.ActiveCfg = Debug|Any CPU
		{033F920D-B2D3-4721-94A8-D7CCF6636833}.Debug|Any CPU.Build.0 = Debug|Any CPU
		{033F920D-B2D3-4721-94A8-D7CCF6636833}.Release|Any CPU.ActiveCfg = Release|Any CPU
		{033F920D-B2D3-4721-94A8-D7CCF6636833}.Release|Any CPU.Build.0 = Release|Any CPU
	EndGlobalSection
	GlobalSection(SolutionProperties) = preSolution
		HideSolutionNode = FALSE
	EndGlobalSection
	GlobalSection(ExtensibilityGlobals) = postSolution
		SolutionGuid = {C390824C-E1AA-4F39-85F4-B1B8202E3951}
	EndGlobalSection
EndGlobal
